
Microsoft Visual Studio Solution File, Format Version 12.00
# Visual Studio Version 16
VisualStudioVersion = 16.0.30128.74
MinimumVisualStudioVersion = 10.0.40219.1
Project("{FAE04EC0-301F-11D3-BF4B-00C04F79EFBC}") = "Gallery_Photos", "Gallery_Photos\Gallery_Photos.csproj", "{13CCC5E9-886D-4DD2-8FD5-CA0D7720C362}"
EndProject
Project("{FAE04EC0-301F-11D3-BF4B-00C04F79EFBC}") = "ImageTool", "ImageTool\ImageTool.csproj", "{A02198AF-42F9-4879-A4F1-2D8CA9D227DA}"
EndProject
Global
	GlobalSection(SolutionConfigurationPlatforms) = preSolution
		Debug|Any CPU = Debug|Any CPU
		Release|Any CPU = Release|Any CPU
	EndGlobalSection
	GlobalSection(ProjectConfigurationPlatforms) = postSolution
		{13CCC5E9-886D-4DD2-8FD5-CA0D7720C362}.Debug|Any CPU.ActiveCfg = Debug|Any CPU
		{13CCC5E9-886D-4DD2-8FD5-CA0D7720C362}.Debug|Any CPU.Build.0 = Debug|Any CPU
		{13CCC5E9-886D-4DD2-8FD5-CA0D7720C362}.Release|Any CPU.ActiveCfg = Release|Any CPU
		{13CCC5E9-886D-4DD2-8FD5-CA0D7720C362}.Release|Any CPU.Build.0 = Release|Any CPU
		{A02198AF-42F9-4879-A4F1-2D8CA9D227DA}.Debug|Any CPU.ActiveCfg = Debug|Any CPU
		{A02198AF-42F9-4879-A4F1-2D8CA9D227DA}.Debug|Any CPU.Build.0 = Debug|Any CPU
		{A02198AF-42F9-4879-A4F1-2D8CA9D227DA}.Release|Any CPU.ActiveCfg = Release|Any CPU
		{A02198AF-42F9-4879-A4F1-2D8CA9D227DA}.Release|Any CPU.Build.0 = Release|Any CPU
	EndGlobalSection
	GlobalSection(SolutionProperties) = preSolution
		HideSolutionNode = FALSE
	EndGlobalSection
	GlobalSection(ExtensibilityGlobals) = postSolution
		SolutionGuid = {66ED3D3C-F585-45C7-8109-29B1484E461B}
	EndGlobalSection
EndGlobal
